
Microsoft Visual Studio Solution File, Format Version 12.00
# Visual Studio Version 16
VisualStudioVersion = 16.0.30907.101
MinimumVisualStudioVersion = 10.0.40219.1
Project("{FAE04EC0-301F-11D3-BF4B-00C04F79EFBC}") = "UserregistrationDay14", "UserregistrationDay14\UserregistrationDay14.csproj", "{CC232566-5596-4C81-8209-9AE032BEA451}"
EndProject
Project("{FAE04EC0-301F-11D3-BF4B-00C04F79EFBC}") = "UseregistrationDay14Testcase", "UseregistrationDay14Testcase\UseregistrationDay14Testcase.csproj", "{84D15623-3347-490A-A470-E3D733918DCB}"
EndProject
Global
	GlobalSection(SolutionConfigurationPlatforms) = preSolution
		Debug|Any CPU = Debug|Any CPU
		Release|Any CPU = Release|Any CPU
	EndGlobalSection
	GlobalSection(ProjectConfigurationPlatforms) = postSolution
		{CC232566-5596-4C81-8209-9AE032BEA451}.Debug|Any CPU.ActiveCfg = Debug|Any CPU
		{CC232566-5596-4C81-8209-9AE032BEA451}.Debug|Any CPU.Build.0 = Debug|Any CPU
		{CC232566-5596-4C81-8209-9AE032BEA451}.Release|Any CPU.ActiveCfg = Release|Any CPU
		{CC232566-5596-4C81-8209-9AE032BEA451}.Release|Any CPU.Build.0 = Release|Any CPU
		{84D15623-3347-490A-A470-E3D733918DCB}.Debug|Any CPU.ActiveCfg = Debug|Any CPU
		{84D15623-3347-490A-A470-E3D733918DCB}.Debug|Any CPU.Build.0 = Debug|Any CPU
		{84D15623-3347-490A-A470-E3D733918DCB}.Release|Any CPU.ActiveCfg = Release|Any CPU
		{84D15623-3347-490A-A470-E3D733918DCB}.Release|Any CPU.Build.0 = Release|Any CPU
	EndGlobalSection
	GlobalSection(SolutionProperties) = preSolution
		HideSolutionNode = FALSE
	EndGlobalSection
	GlobalSection(ExtensibilityGlobals) = postSolution
		SolutionGuid = {3A049086-540A-46CD-80FA-4A7CA4F497A9}
	EndGlobalSection
EndGlobal
